# This file was autogenerated by Stack.
# You should not edit this file by hand.
# For more information, please see the documentation at:
#   https://docs.haskellstack.org/en/stable/lock_files

packages:
- completed:
    hackage: gl-0.9@sha256:99e79411432a8f6d3893a767118715442ba643795e415873f43879276a5a1ea7,35740
    pantry-tree:
      size: 77044
      sha256: d71a7ca84d239031d71462359099b2e2469e8777382953eecd085de815bec932
  original:
    hackage: gl-0.9
- completed:
    name: gl-wrapper
    version: 0.9.0
    git: https://github.com/tkaaad97/gl-wrapper
    pantry-tree:
      size: 9970
      sha256: 2d8c95cf1347c44f6b42c57d5d171ec64b2967cd0660c8d327606f41afafef15
    commit: 603cbd23e465e80e596890f1a450c1392171f18f
  original:
    git: https://github.com/tkaaad97/gl-wrapper
    commit: 603cbd23e465e80e596890f1a450c1392171f18f
snapshots:
- completed:
    size: 509471
    url: https://raw.githubusercontent.com/commercialhaskell/stackage-snapshots/master/lts/12/26.yaml
    sha256: 95f014df58d0679b1c4a2b7bf2b652b61da8d30de5f571abb0d59015ef678646
  original: lts-12.26
