# This file was autogenerated by Stack.
# You should not edit this file by hand.
# For more information, please see the documentation at:
#   https://docs.haskellstack.org/en/stable/lock_files

packages:
- completed:
    hackage: Cabal-2.2.0.1@sha256:2a80d8fb655474f0eaeb20434c47f64f84e6302e55973056f00df8ca050b9683,20037
    pantry-tree:
      size: 57215
      sha256: 9e8c93a78f85f6adb03283fc7d38e8c95b9dc45ccfa5aaa9f6dede1dcccf2acd
  original:
    hackage: Cabal-2.2.0.1
- completed:
    hackage: GLFW-b-3.2.1.1@sha256:a3eb7f53b2fa297a85167460487e25824b1f345f2ca01f18fbd032996375bb88,2356
    pantry-tree:
      size: 482
      sha256: f5c1ff535d3ffe84fd361df218287698c1c18a30becc671608894dfe00854333
  original:
    hackage: GLFW-b-3.2.1.1
- completed:
    hackage: bindings-GLFW-3.2.1.1@sha256:1d975a97a24074f67538c3c028527865ac47a779ba0a89c09d6706bba37e4269,6048
    pantry-tree:
      size: 4090
      sha256: aff6af11e9368203aa3adee149caeea74afd0fe308940a787778372787880a65
  original:
    hackage: bindings-GLFW-3.2.1.1
- completed:
    hackage: chronos-1.1.1@sha256:485bc8277ac0e5e54a7513a8b75fd1e13252459bcd3e6ab8db13d16f1f93577b,3887
    pantry-tree:
      size: 637
      sha256: 1a8b35dd6696f2e01e3f91de7edcf414e305180287d746a750f40f43b07ce70e
  original:
    hackage: chronos-1.1.1
- completed:
    hackage: gl-0.9@sha256:99e79411432a8f6d3893a767118715442ba643795e415873f43879276a5a1ea7,35740
    pantry-tree:
      size: 77044
      sha256: d71a7ca84d239031d71462359099b2e2469e8777382953eecd085de815bec932
  original:
    hackage: gl-0.9
- completed:
    hackage: torsor-0.1@sha256:9c6f152650322357bee013a224d9d7ec8e8ae9fe32d8cee45f1431c49b0129e2,558
    pantry-tree:
      size: 249
      sha256: 1cdb29bac471904bed3f44281a943929e696f696b9d2a43cce7d991b2cd9403b
  original:
    hackage: torsor-0.1
- completed:
    name: gl-wrapper
    version: 0.9.0
    git: https://github.com/tkaaad97/gl-wrapper
    pantry-tree:
      size: 9970
      sha256: 2d8c95cf1347c44f6b42c57d5d171ec64b2967cd0660c8d327606f41afafef15
    commit: 603cbd23e465e80e596890f1a450c1392171f18f
  original:
    git: https://github.com/tkaaad97/gl-wrapper
    commit: 603cbd23e465e80e596890f1a450c1392171f18f
snapshots:
- completed:
    size: 527836
    url: https://raw.githubusercontent.com/commercialhaskell/stackage-snapshots/master/lts/11/22.yaml
    sha256: 341870ac98d8a9f8f77c4adf2e9e0b22063e264a7fbeb4c85b7af5f380dac60e
  original: lts-11.22
